
Microsoft Visual Studio Solution File, Format Version 12.00
# Visual Studio Version 17
VisualStudioVersion = 17.9.34701.34
MinimumVisualStudioVersion = 10.0.40219.1
Project("{FAE04EC0-301F-11D3-BF4B-00C04F79EFBC}") = "PayAPI", "PayAPI\PayAPI.csproj", "{2244C95E-7CEF-40BB-8E03-E0AB5405AB00}"
EndProject
Global
	GlobalSection(SolutionConfigurationPlatforms) = preSolution
		Debug|Any CPU = Debug|Any CPU
		Release|Any CPU = Release|Any CPU
	EndGlobalSection
	GlobalSection(ProjectConfigurationPlatforms) = postSolution
		{2244C95E-7CEF-40BB-8E03-E0AB5405AB00}.Debug|Any CPU.ActiveCfg = Debug|Any CPU
		{2244C95E-7CEF-40BB-8E03-E0AB5405AB00}.Debug|Any CPU.Build.0 = Debug|Any CPU
		{2244C95E-7CEF-40BB-8E03-E0AB5405AB00}.Release|Any CPU.ActiveCfg = Release|Any CPU
		{2244C95E-7CEF-40BB-8E03-E0AB5405AB00}.Release|Any CPU.Build.0 = Release|Any CPU
	EndGlobalSection
	GlobalSection(SolutionProperties) = preSolution
		HideSolutionNode = FALSE
	EndGlobalSection
	GlobalSection(ExtensibilityGlobals) = postSolution
		SolutionGuid = {25869CD3-6289-4947-BF88-1C7908E2D8F3}
	EndGlobalSection
EndGlobal
